
Microsoft Visual Studio Solution File, Format Version 12.00
# Visual Studio Version 16
VisualStudioVersion = 16.0.31019.35
MinimumVisualStudioVersion = 10.0.40219.1
Project("{FAE04EC0-301F-11D3-BF4B-00C04F79EFBC}") = "WpfHelloNav", "WpfHelloNav\WpfHelloNav.csproj", "{651D147F-D222-45EF-BD60-6922BA63FD8D}"
EndProject
Global
	GlobalSection(SolutionConfigurationPlatforms) = preSolution
		Debug|Any CPU = Debug|Any CPU
		Release|Any CPU = Release|Any CPU
	EndGlobalSection
	GlobalSection(ProjectConfigurationPlatforms) = postSolution
		{651D147F-D222-45EF-BD60-6922BA63FD8D}.Debug|Any CPU.ActiveCfg = Debug|Any CPU
		{651D147F-D222-45EF-BD60-6922BA63FD8D}.Debug|Any CPU.Build.0 = Debug|Any CPU
		{651D147F-D222-45EF-BD60-6922BA63FD8D}.Release|Any CPU.ActiveCfg = Release|Any CPU
		{651D147F-D222-45EF-BD60-6922BA63FD8D}.Release|Any CPU.Build.0 = Release|Any CPU
	EndGlobalSection
	GlobalSection(SolutionProperties) = preSolution
		HideSolutionNode = FALSE
	EndGlobalSection
	GlobalSection(ExtensibilityGlobals) = postSolution
		SolutionGuid = {9117993E-C6ED-4A13-A90F-A663133F9E89}
	EndGlobalSection
EndGlobal
