
Microsoft Visual Studio Solution File, Format Version 12.00
# Visual Studio Version 16
VisualStudioVersion = 16.0.31105.61
MinimumVisualStudioVersion = 10.0.40219.1
Project("{FAE04EC0-301F-11D3-BF4B-00C04F79EFBC}") = "DatasetDesigner", "DatasetDesigner\DatasetDesigner.csproj", "{D87F0D93-D773-4105-9375-4836147E742A}"
EndProject
Global
	GlobalSection(SolutionConfigurationPlatforms) = preSolution
		Debug|Any CPU = Debug|Any CPU
		Release|Any CPU = Release|Any CPU
	EndGlobalSection
	GlobalSection(ProjectConfigurationPlatforms) = postSolution
		{D87F0D93-D773-4105-9375-4836147E742A}.Debug|Any CPU.ActiveCfg = Debug|Any CPU
		{D87F0D93-D773-4105-9375-4836147E742A}.Debug|Any CPU.Build.0 = Debug|Any CPU
		{D87F0D93-D773-4105-9375-4836147E742A}.Release|Any CPU.ActiveCfg = Release|Any CPU
		{D87F0D93-D773-4105-9375-4836147E742A}.Release|Any CPU.Build.0 = Release|Any CPU
	EndGlobalSection
	GlobalSection(SolutionProperties) = preSolution
		HideSolutionNode = FALSE
	EndGlobalSection
	GlobalSection(ExtensibilityGlobals) = postSolution
		SolutionGuid = {917F5293-FFA2-4D56-BFB4-958685ED01ED}
	EndGlobalSection
EndGlobal
