
Microsoft Visual Studio Solution File, Format Version 12.00
# Visual Studio Version 16
VisualStudioVersion = 16.0.31105.61
MinimumVisualStudioVersion = 10.0.40219.1
Project("{FAE04EC0-301F-11D3-BF4B-00C04F79EFBC}") = "LINQsql_m", "LINQsql_m\LINQsql_m.csproj", "{8F9E2D97-B8D6-4F4B-9C6F-DA2ED51A12EE}"
EndProject
Global
	GlobalSection(SolutionConfigurationPlatforms) = preSolution
		Debug|Any CPU = Debug|Any CPU
		Release|Any CPU = Release|Any CPU
	EndGlobalSection
	GlobalSection(ProjectConfigurationPlatforms) = postSolution
		{8F9E2D97-B8D6-4F4B-9C6F-DA2ED51A12EE}.Debug|Any CPU.ActiveCfg = Debug|Any CPU
		{8F9E2D97-B8D6-4F4B-9C6F-DA2ED51A12EE}.Debug|Any CPU.Build.0 = Debug|Any CPU
		{8F9E2D97-B8D6-4F4B-9C6F-DA2ED51A12EE}.Release|Any CPU.ActiveCfg = Release|Any CPU
		{8F9E2D97-B8D6-4F4B-9C6F-DA2ED51A12EE}.Release|Any CPU.Build.0 = Release|Any CPU
	EndGlobalSection
	GlobalSection(SolutionProperties) = preSolution
		HideSolutionNode = FALSE
	EndGlobalSection
	GlobalSection(ExtensibilityGlobals) = postSolution
		SolutionGuid = {612FAB2C-35C0-45F7-8F0C-DB9312375235}
	EndGlobalSection
EndGlobal
