
Microsoft Visual Studio Solution File, Format Version 12.00
# Visual Studio Version 16
VisualStudioVersion = 16.0.31105.61
MinimumVisualStudioVersion = 10.0.40219.1
Project("{FAE04EC0-301F-11D3-BF4B-00C04F79EFBC}") = "DBConnection", "DBConnection\DBConnection.csproj", "{1CC0E0DD-8E0F-4F06-80CB-75228639A3FC}"
EndProject
Global
	GlobalSection(SolutionConfigurationPlatforms) = preSolution
		Debug|Any CPU = Debug|Any CPU
		Release|Any CPU = Release|Any CPU
	EndGlobalSection
	GlobalSection(ProjectConfigurationPlatforms) = postSolution
		{1CC0E0DD-8E0F-4F06-80CB-75228639A3FC}.Debug|Any CPU.ActiveCfg = Debug|Any CPU
		{1CC0E0DD-8E0F-4F06-80CB-75228639A3FC}.Debug|Any CPU.Build.0 = Debug|Any CPU
		{1CC0E0DD-8E0F-4F06-80CB-75228639A3FC}.Release|Any CPU.ActiveCfg = Release|Any CPU
		{1CC0E0DD-8E0F-4F06-80CB-75228639A3FC}.Release|Any CPU.Build.0 = Release|Any CPU
	EndGlobalSection
	GlobalSection(SolutionProperties) = preSolution
		HideSolutionNode = FALSE
	EndGlobalSection
	GlobalSection(ExtensibilityGlobals) = postSolution
		SolutionGuid = {A5DA51D5-ACC4-48CD-A9A0-A10343E81B39}
	EndGlobalSection
EndGlobal
